
Microsoft Visual Studio Solution File, Format Version 12.00
Project("{FAE04EC0-301F-11D3-BF4B-00C04F79EFBC}") = "Domain", "Domain\Domain.csproj", "{ABDFEF3D-E9B9-41FF-964B-6A3EBA6199DD}"
EndProject
Project("{FAE04EC0-301F-11D3-BF4B-00C04F79EFBC}") = "Application", "Application\Application.csproj", "{6172246B-DA0C-4744-9C44-F4FF45E291DC}"
EndProject
Global
	GlobalSection(SolutionConfigurationPlatforms) = preSolution
		Debug|Any CPU = Debug|Any CPU
		Release|Any CPU = Release|Any CPU
	EndGlobalSection
	GlobalSection(ProjectConfigurationPlatforms) = postSolution
		{ABDFEF3D-E9B9-41FF-964B-6A3EBA6199DD}.Debug|Any CPU.ActiveCfg = Debug|Any CPU
		{ABDFEF3D-E9B9-41FF-964B-6A3EBA6199DD}.Debug|Any CPU.Build.0 = Debug|Any CPU
		{ABDFEF3D-E9B9-41FF-964B-6A3EBA6199DD}.Release|Any CPU.ActiveCfg = Release|Any CPU
		{ABDFEF3D-E9B9-41FF-964B-6A3EBA6199DD}.Release|Any CPU.Build.0 = Release|Any CPU
		{6172246B-DA0C-4744-9C44-F4FF45E291DC}.Debug|Any CPU.ActiveCfg = Debug|Any CPU
		{6172246B-DA0C-4744-9C44-F4FF45E291DC}.Debug|Any CPU.Build.0 = Debug|Any CPU
		{6172246B-DA0C-4744-9C44-F4FF45E291DC}.Release|Any CPU.ActiveCfg = Release|Any CPU
		{6172246B-DA0C-4744-9C44-F4FF45E291DC}.Release|Any CPU.Build.0 = Release|Any CPU
	EndGlobalSection
EndGlobal
